
Microsoft Visual Studio Solution File, Format Version 12.00
# Visual Studio 15
VisualStudioVersion = 15.0.28307.645
MinimumVisualStudioVersion = 10.0.40219.1
Project("{FAE04EC0-301F-11D3-BF4B-00C04F79EFBC}") = "WebApplication9", "WebApplication9\WebApplication9.csproj", "{C709C47C-E925-4124-9D98-ED0BBD429E7E}"
EndProject
Global
	GlobalSection(SolutionConfigurationPlatforms) = preSolution
		Debug|Any CPU = Debug|Any CPU
		Release|Any CPU = Release|Any CPU
	EndGlobalSection
	GlobalSection(ProjectConfigurationPlatforms) = postSolution
		{C709C47C-E925-4124-9D98-ED0BBD429E7E}.Debug|Any CPU.ActiveCfg = Debug|Any CPU
		{C709C47C-E925-4124-9D98-ED0BBD429E7E}.Debug|Any CPU.Build.0 = Debug|Any CPU
		{C709C47C-E925-4124-9D98-ED0BBD429E7E}.Release|Any CPU.ActiveCfg = Release|Any CPU
		{C709C47C-E925-4124-9D98-ED0BBD429E7E}.Release|Any CPU.Build.0 = Release|Any CPU
	EndGlobalSection
	GlobalSection(SolutionProperties) = preSolution
		HideSolutionNode = FALSE
	EndGlobalSection
	GlobalSection(ExtensibilityGlobals) = postSolution
		SolutionGuid = {F6D07BB5-9B58-4343-B39C-75711A9E495D}
	EndGlobalSection
EndGlobal
